
Microsoft Visual Studio Solution File, Format Version 12.00
# Visual Studio Version 17
VisualStudioVersion = 17.13.35931.197 d17.13
MinimumVisualStudioVersion = 10.0.40219.1
Project("{FAE04EC0-301F-11D3-BF4B-00C04F79EFBC}") = "NameSorter", "NameSorter.csproj", "{49A8879A-777C-4BC4-A8E7-A1186EEDC205}"
EndProject
Project("{FAE04EC0-301F-11D3-BF4B-00C04F79EFBC}") = "NameSorter.Tests", "..\NameSorter.Tests\NameSorter.Tests.csproj", "{E0999D32-F7DA-1A4F-8E98-F21CAD376DDE}"
EndProject
Global
	GlobalSection(SolutionConfigurationPlatforms) = preSolution
		Debug|Any CPU = Debug|Any CPU
		Release|Any CPU = Release|Any CPU
	EndGlobalSection
	GlobalSection(ProjectConfigurationPlatforms) = postSolution
		{49A8879A-777C-4BC4-A8E7-A1186EEDC205}.Debug|Any CPU.ActiveCfg = Debug|Any CPU
		{49A8879A-777C-4BC4-A8E7-A1186EEDC205}.Debug|Any CPU.Build.0 = Debug|Any CPU
		{49A8879A-777C-4BC4-A8E7-A1186EEDC205}.Release|Any CPU.ActiveCfg = Release|Any CPU
		{49A8879A-777C-4BC4-A8E7-A1186EEDC205}.Release|Any CPU.Build.0 = Release|Any CPU
		{E0999D32-F7DA-1A4F-8E98-F21CAD376DDE}.Debug|Any CPU.ActiveCfg = Debug|Any CPU
		{E0999D32-F7DA-1A4F-8E98-F21CAD376DDE}.Debug|Any CPU.Build.0 = Debug|Any CPU
		{E0999D32-F7DA-1A4F-8E98-F21CAD376DDE}.Release|Any CPU.ActiveCfg = Release|Any CPU
		{E0999D32-F7DA-1A4F-8E98-F21CAD376DDE}.Release|Any CPU.Build.0 = Release|Any CPU
	EndGlobalSection
	GlobalSection(SolutionProperties) = preSolution
		HideSolutionNode = FALSE
	EndGlobalSection
	GlobalSection(ExtensibilityGlobals) = postSolution
		SolutionGuid = {C2FFBA54-127E-4FF2-852F-520A8F129690}
	EndGlobalSection
EndGlobal
